
Microsoft Visual Studio Solution File, Format Version 12.00
# Visual Studio Version 17
VisualStudioVersion = 17.8.34511.84
MinimumVisualStudioVersion = 10.0.40219.1
Project("{FAE04EC0-301F-11D3-BF4B-00C04F79EFBC}") = "LeaveManagement.Web", "LeaveManagement.Web\LeaveManagement.Web.csproj", "{90B169D7-296D-41A3-945F-B9FF0ABCA12F}"
EndProject
Global
	GlobalSection(SolutionConfigurationPlatforms) = preSolution
		Debug|Any CPU = Debug|Any CPU
		Release|Any CPU = Release|Any CPU
	EndGlobalSection
	GlobalSection(ProjectConfigurationPlatforms) = postSolution
		{90B169D7-296D-41A3-945F-B9FF0ABCA12F}.Debug|Any CPU.ActiveCfg = Debug|Any CPU
		{90B169D7-296D-41A3-945F-B9FF0ABCA12F}.Debug|Any CPU.Build.0 = Debug|Any CPU
		{90B169D7-296D-41A3-945F-B9FF0ABCA12F}.Release|Any CPU.ActiveCfg = Release|Any CPU
		{90B169D7-296D-41A3-945F-B9FF0ABCA12F}.Release|Any CPU.Build.0 = Release|Any CPU
	EndGlobalSection
	GlobalSection(SolutionProperties) = preSolution
		HideSolutionNode = FALSE
	EndGlobalSection
	GlobalSection(ExtensibilityGlobals) = postSolution
		SolutionGuid = {580A7FA9-CDA7-4C23-B977-FAA73254E588}
	EndGlobalSection
EndGlobal
